
Microsoft Visual Studio Solution File, Format Version 12.00
# Visual Studio Version 16
VisualStudioVersion = 16.0.29806.167
MinimumVisualStudioVersion = 10.0.40219.1
Project("{2150E333-8FDC-42A3-9474-1A3956D46DE8}") = "proto", "proto", "{9E5A3D83-2F0C-4F59-ABB0-84F202C1500A}"
	ProjectSection(SolutionItems) = preProject
		dummy.proto = dummy.proto
		greeting.proto = greeting.proto
	EndProjectSection
EndProject
Project("{9A19103F-16F7-4668-BE54-9A1E7A4F7556}") = "client", "client\client.csproj", "{67D81FE6-0AD2-4500-9ECF-130192081269}"
EndProject
Project("{9A19103F-16F7-4668-BE54-9A1E7A4F7556}") = "server", "server\server.csproj", "{84F84C10-F81C-472F-BD93-9435F139483B}"
EndProject
Global
	GlobalSection(SolutionConfigurationPlatforms) = preSolution
		Debug|Any CPU = Debug|Any CPU
		Release|Any CPU = Release|Any CPU
	EndGlobalSection
	GlobalSection(ProjectConfigurationPlatforms) = postSolution
		{67D81FE6-0AD2-4500-9ECF-130192081269}.Debug|Any CPU.ActiveCfg = Debug|Any CPU
		{67D81FE6-0AD2-4500-9ECF-130192081269}.Debug|Any CPU.Build.0 = Debug|Any CPU
		{67D81FE6-0AD2-4500-9ECF-130192081269}.Release|Any CPU.ActiveCfg = Release|Any CPU
		{67D81FE6-0AD2-4500-9ECF-130192081269}.Release|Any CPU.Build.0 = Release|Any CPU
		{84F84C10-F81C-472F-BD93-9435F139483B}.Debug|Any CPU.ActiveCfg = Debug|Any CPU
		{84F84C10-F81C-472F-BD93-9435F139483B}.Debug|Any CPU.Build.0 = Debug|Any CPU
		{84F84C10-F81C-472F-BD93-9435F139483B}.Release|Any CPU.ActiveCfg = Release|Any CPU
		{84F84C10-F81C-472F-BD93-9435F139483B}.Release|Any CPU.Build.0 = Release|Any CPU
	EndGlobalSection
	GlobalSection(SolutionProperties) = preSolution
		HideSolutionNode = FALSE
	EndGlobalSection
	GlobalSection(ExtensibilityGlobals) = postSolution
		SolutionGuid = {633F10D0-FA5B-4D2C-AEAA-94A0EDFE3A7F}
	EndGlobalSection
EndGlobal
